// !$*UTF8*$!
{
	archiveVersion = 1;
	classes = {
	};
	objectVersion = 50;
	objects = {

/* Begin PBXBuildFile section */
		070153B2216F3AD300D7A360 /* ScreenCapture.m in Sources */ = {isa = PBXBuildFile; fileRef = 070153B1216F3AD300D7A360 /* ScreenCapture.m */; };
		070153B3216F3AD300D7A360 /* ScreenCapture.h in CopyFiles */ = {isa = PBXBuildFile; fileRef = 070153B0216F3AD300D7A360 /* ScreenCapture.h */; };
		070153FA216F5E4E00D7A360 /* ComOpenThreadOTScreenshotHelperSwizzleHelper.m in Sources */ = {isa = PBXBuildFile; fileRef = 070153F6216F5E4E00D7A360 /* ComOpenThreadOTScreenshotHelperSwizzleHelper.m */; };
		070153FB216F5E4E00D7A360 /* UIView+ComOpenThreadOTScreenshotHelperStatusBarReference.m in Sources */ = {isa = PBXBuildFile; fileRef = 070153F9216F5E4E00D7A360 /* UIView+ComOpenThreadOTScreenshotHelperStatusBarReference.m */; };
/* End PBXBuildFile section */

/* Begin PBXCopyFilesBuildPhase section */
		070153AB216F3AD300D7A360 /* CopyFiles */ = {
			isa = PBXCopyFilesBuildPhase;
			buildActionMask = 2147483647;
			dstPath = "include/$(PRODUCT_NAME)";
			dstSubfolderSpec = 16;
			files = (
				070153B3216F3AD300D7A360 /* ScreenCapture.h in CopyFiles */,
			);
			runOnlyForDeploymentPostprocessing = 0;
		};
/* End PBXCopyFilesBuildPhase section */

/* Begin PBXFileReference section */
		070153AD216F3AD300D7A360 /* libScreenCapture.a */ = {isa = PBXFileReference; explicitFileType = archive.ar; includeInIndex = 0; path = libScreenCapture.a; sourceTree = BUILT_PRODUCTS_DIR; };
		070153B0216F3AD300D7A360 /* ScreenCapture.h */ = {isa = PBXFileReference; lastKnownFileType = sourcecode.c.h; path = ScreenCapture.h; sourceTree = "<group>"; };
		070153B1216F3AD300D7A360 /* ScreenCapture.m */ = {isa = PBXFileReference; lastKnownFileType = sourcecode.c.objc; path = ScreenCapture.m; sourceTree = "<group>"; };
		070153F6216F5E4E00D7A360 /* ComOpenThreadOTScreenshotHelperSwizzleHelper.m */ = {isa = PBXFileReference; fileEncoding = 4; lastKnownFileType = sourcecode.c.objc; path = ComOpenThreadOTScreenshotHelperSwizzleHelper.m; sourceTree = "<group>"; };
		070153F7216F5E4E00D7A360 /* UIView+ComOpenThreadOTScreenshotHelperStatusBarReference.h */ = {isa = PBXFileReference; fileEncoding = 4; lastKnownFileType = sourcecode.c.h; path = "UIView+ComOpenThreadOTScreenshotHelperStatusBarReference.h"; sourceTree = "<group>"; };
		070153F8216F5E4E00D7A360 /* ComOpenThreadOTScreenshotHelperSwizzleHelper.h */ = {isa = PBXFileReference; fileEncoding = 4; lastKnownFileType = sourcecode.c.h; path = ComOpenThreadOTScreenshotHelperSwizzleHelper.h; sourceTree = "<group>"; };
		070153F9216F5E4E00D7A360 /* UIView+ComOpenThreadOTScreenshotHelperStatusBarReference.m */ = {isa = PBXFileReference; fileEncoding = 4; lastKnownFileType = sourcecode.c.objc; path = "UIView+ComOpenThreadOTScreenshotHelperStatusBarReference.m"; sourceTree = "<group>"; };
/* End PBXFileReference section */

/* Begin PBXFrameworksBuildPhase section */
		070153AA216F3AD300D7A360 /* Frameworks */ = {
			isa = PBXFrameworksBuildPhase;
			buildActionMask = 2147483647;
			files = (
			);
			runOnlyForDeploymentPostprocessing = 0;
		};
/* End PBXFrameworksBuildPhase section */

/* Begin PBXGroup section */
		070153A4216F3AD300D7A360 = {
			isa = PBXGroup;
			children = (
				070153AF216F3AD300D7A360 /* ScreenCapture */,
				070153AE216F3AD300D7A360 /* Products */,
			);
			sourceTree = "<group>";
		};
		070153AE216F3AD300D7A360 /* Products */ = {
			isa = PBXGroup;
			children = (
				070153AD216F3AD300D7A360 /* libScreenCapture.a */,
			);
			name = Products;
			sourceTree = "<group>";
		};
		070153AF216F3AD300D7A360 /* ScreenCapture */ = {
			isa = PBXGroup;
			children = (
				070153F8216F5E4E00D7A360 /* ComOpenThreadOTScreenshotHelperSwizzleHelper.h */,
				070153F6216F5E4E00D7A360 /* ComOpenThreadOTScreenshotHelperSwizzleHelper.m */,
				070153F7216F5E4E00D7A360 /* UIView+ComOpenThreadOTScreenshotHelperStatusBarReference.h */,
				070153F9216F5E4E00D7A360 /* UIView+ComOpenThreadOTScreenshotHelperStatusBarReference.m */,
				070153B0216F3AD300D7A360 /* ScreenCapture.h */,
				070153B1216F3AD300D7A360 /* ScreenCapture.m */,
			);
			path = ScreenCapture;
			sourceTree = "<group>";
		};
/* End PBXGroup section */

/* Begin PBXNativeTarget section */
		070153AC216F3AD300D7A360 /* ScreenCapture */ = {
			isa = PBXNativeTarget;
			buildConfigurationList = 070153B6216F3AD300D7A360 /* Build configuration list for PBXNativeTarget "ScreenCapture" */;
			buildPhases = (
				070153A9216F3AD300D7A360 /* Sources */,
				070153AA216F3AD300D7A360 /* Frameworks */,
				070153AB216F3AD300D7A360 /* CopyFiles */,
			);
			buildRules = (
			);
			dependencies = (
			);
			name = ScreenCapture;
			productName = ScreenCapture;
			productReference = 070153AD216F3AD300D7A360 /* libScreenCapture.a */;
			productType = "com.apple.product-type.library.static";
		};
/* End PBXNativeTarget section */

/* Begin PBXProject section */
		070153A5216F3AD300D7A360 /* Project object */ = {
			isa = PBXProject;
			attributes = {
				LastUpgradeCheck = 0940;
				ORGANIZATIONNAME = lewin;
				TargetAttributes = {
					070153AC216F3AD300D7A360 = {
						CreatedOnToolsVersion = 9.4.1;
					};
				};
			};
			buildConfigurationList = 070153A8216F3AD300D7A360 /* Build configuration list for PBXProject "ScreenCapture" */;
			compatibilityVersion = "Xcode 9.3";
			developmentRegion = en;
			hasScannedForEncodings = 0;
			knownRegions = (
				en,
			);
			mainGroup = 070153A4216F3AD300D7A360;
			productRefGroup = 070153AE216F3AD300D7A360 /* Products */;
			projectDirPath = "";
			projectRoot = "";
			targets = (
				070153AC216F3AD300D7A360 /* ScreenCapture */,
			);
		};
/* End PBXProject section */

/* Begin PBXSourcesBuildPhase section */
		070153A9216F3AD300D7A360 /* Sources */ = {
			isa = PBXSourcesBuildPhase;
			buildActionMask = 2147483647;
			files = (
				070153FB216F5E4E00D7A360 /* UIView+ComOpenThreadOTScreenshotHelperStatusBarReference.m in Sources */,
				070153B2216F3AD300D7A360 /* ScreenCapture.m in Sources */,
				070153FA216F5E4E00D7A360 /* ComOpenThreadOTScreenshotHelperSwizzleHelper.m in Sources */,
			);
			runOnlyForDeploymentPostprocessing = 0;
		};
/* End PBXSourcesBuildPhase section */

/* Begin XCBuildConfiguration section */
		070153B4216F3AD300D7A360 /* Debug */ = {
			isa = XCBuildConfiguration;
			buildSettings = {
				ALWAYS_SEARCH_USER_PATHS = NO;
				CLANG_ANALYZER_NONNULL = YES;
				CLANG_ANALYZER_NUMBER_OBJECT_CONVERSION = YES_AGGRESSIVE;
				CLANG_CXX_LANGUAGE_STANDARD = "gnu++14";
				CLANG_CXX_LIBRARY = "libc++";
				CLANG_ENABLE_MODULES = YES;
				CLANG_ENABLE_OBJC_ARC = YES;
				CLANG_ENABLE_OBJC_WEAK = YES;
				CLANG_WARN_BLOCK_CAPTURE_AUTORELEASING = YES;
				CLANG_WARN_BOOL_CONVERSION = YES;
				CLANG_WARN_COMMA = YES;
				CLANG_WARN_CONSTANT_CONVERSION = YES;
				CLANG_WARN_DEPRECATED_OBJC_IMPLEMENTATIONS = YES;
				CLANG_WARN_DIRECT_OBJC_ISA_USAGE = YES_ERROR;
				CLANG_WARN_DOCUMENTATION_COMMENTS = YES;
				CLANG_WARN_EMPTY_BODY = YES;
				CLANG_WARN_ENUM_CONVERSION = YES;
				CLANG_WARN_INFINITE_RECURSION = YES;
				CLANG_WARN_INT_CONVERSION = YES;
				CLANG_WARN_NON_LITERAL_NULL_CONVERSION = YES;
				CLANG_WARN_OBJC_IMPLICIT_RETAIN_SELF = YES;
				CLANG_WARN_OBJC_LITERAL_CONVERSION = YES;
				CLANG_WARN_OBJC_ROOT_CLASS = YES_ERROR;
				CLANG_WARN_RANGE_LOOP_ANALYSIS = YES;
				CLANG_WARN_STRICT_PROTOTYPES = YES;
				CLANG_WARN_SUSPICIOUS_MOVE = YES;
				CLANG_WARN_UNGUARDED_AVAILABILITY = YES_AGGRESSIVE;
				CLANG_WARN_UNREACHABLE_CODE = YES;
				CLANG_WARN__DUPLICATE_METHOD_MATCH = YES;
				CODE_SIGN_IDENTITY = "iPhone Developer";
				COPY_PHASE_STRIP = NO;
				DEBUG_INFORMATION_FORMAT = dwarf;
				ENABLE_STRICT_OBJC_MSGSEND = YES;
				ENABLE_TESTABILITY = YES;
				FRAMEWORK_SEARCH_PATHS = "$(inherited)";
				GCC_C_LANGUAGE_STANDARD = gnu11;
				GCC_DYNAMIC_NO_PIC = NO;
				GCC_NO_COMMON_BLOCKS = YES;
				GCC_OPTIMIZATION_LEVEL = 0;
				GCC_PREPROCESSOR_DEFINITIONS = (
					"DEBUG=1",
					"$(inherited)",
				);
				GCC_WARN_64_TO_32_BIT_CONVERSION = YES;
				GCC_WARN_ABOUT_RETURN_TYPE = YES_ERROR;
				GCC_WARN_UNDECLARED_SELECTOR = YES;
				GCC_WARN_UNINITIALIZED_AUTOS = YES_AGGRESSIVE;
				GCC_WARN_UNUSED_FUNCTION = YES;
				GCC_WARN_UNUSED_VARIABLE = YES;
				HEADER_SEARCH_PATHS = "$(inherited)";
				IPHONEOS_DEPLOYMENT_TARGET = 11.4;
				LIBRARY_SEARCH_PATHS = "$(inherited)";
				MTL_ENABLE_DEBUG_INFO = YES;
				ONLY_ACTIVE_ARCH = YES;
				SDKROOT = iphoneos;
			};
			name = Debug;
		};
		070153B5216F3AD300D7A360 /* Release */ = {
			isa = XCBuildConfiguration;
			buildSettings = {
				ALWAYS_SEARCH_USER_PATHS = NO;
				CLANG_ANALYZER_NONNULL = YES;
				CLANG_ANALYZER_NUMBER_OBJECT_CONVERSION = YES_AGGRESSIVE;
				CLANG_CXX_LANGUAGE_STANDARD = "gnu++14";
				CLANG_CXX_LIBRARY = "libc++";
				CLANG_ENABLE_MODULES = YES;
				CLANG_ENABLE_OBJC_ARC = YES;
				CLANG_ENABLE_OBJC_WEAK = YES;
				CLANG_WARN_BLOCK_CAPTURE_AUTORELEASING = YES;
				CLANG_WARN_BOOL_CONVERSION = YES;
				CLANG_WARN_COMMA = YES;
				CLANG_WARN_CONSTANT_CONVERSION = YES;
				CLANG_WARN_DEPRECATED_OBJC_IMPLEMENTATIONS = YES;
				CLANG_WARN_DIRECT_OBJC_ISA_USAGE = YES_ERROR;
				CLANG_WARN_DOCUMENTATION_COMMENTS = YES;
				CLANG_WARN_EMPTY_BODY = YES;
				CLANG_WARN_ENUM_CONVERSION = YES;
				CLANG_WARN_INFINITE_RECURSION = YES;
				CLANG_WARN_INT_CONVERSION = YES;
				CLANG_WARN_NON_LITERAL_NULL_CONVERSION = YES;
				CLANG_WARN_OBJC_IMPLICIT_RETAIN_SELF = YES;
				CLANG_WARN_OBJC_LITERAL_CONVERSION = YES;
				CLANG_WARN_OBJC_ROOT_CLASS = YES_ERROR;
				CLANG_WARN_RANGE_LOOP_ANALYSIS = YES;
				CLANG_WARN_STRICT_PROTOTYPES = YES;
				CLANG_WARN_SUSPICIOUS_MOVE = YES;
				CLANG_WARN_UNGUARDED_AVAILABILITY = YES_AGGRESSIVE;
				CLANG_WARN_UNREACHABLE_CODE = YES;
				CLANG_WARN__DUPLICATE_METHOD_MATCH = YES;
				CODE_SIGN_IDENTITY = "iPhone Developer";
				COPY_PHASE_STRIP = NO;
				DEBUG_INFORMATION_FORMAT = "dwarf-with-dsym";
				ENABLE_NS_ASSERTIONS = NO;
				ENABLE_STRICT_OBJC_MSGSEND = YES;
				FRAMEWORK_SEARCH_PATHS = "$(inherited)";
				GCC_C_LANGUAGE_STANDARD = gnu11;
				GCC_NO_COMMON_BLOCKS = YES;
				GCC_WARN_64_TO_32_BIT_CONVERSION = YES;
				GCC_WARN_ABOUT_RETURN_TYPE = YES_ERROR;
				GCC_WARN_UNDECLARED_SELECTOR = YES;
				GCC_WARN_UNINITIALIZED_AUTOS = YES_AGGRESSIVE;
				GCC_WARN_UNUSED_FUNCTION = YES;
				GCC_WARN_UNUSED_VARIABLE = YES;
				HEADER_SEARCH_PATHS = "$(inherited)";
				IPHONEOS_DEPLOYMENT_TARGET = 11.4;
				LIBRARY_SEARCH_PATHS = "$(inherited)";
				MTL_ENABLE_DEBUG_INFO = NO;
				SDKROOT = iphoneos;
				VALIDATE_PRODUCT = YES;
			};
			name = Release;
		};
		070153B7216F3AD300D7A360 /* Debug */ = {
			isa = XCBuildConfiguration;
			buildSettings = {
				CLANG_ANALYZER_NONNULL = YES_NONAGGRESSIVE;
				CLANG_ANALYZER_NUMBER_OBJECT_CONVERSION = YES;
				CLANG_CXX_LANGUAGE_STANDARD = "gnu++0x";
				CLANG_WARN_BLOCK_CAPTURE_AUTORELEASING = NO;
				CODE_SIGN_IDENTITY = "";
				CODE_SIGN_STYLE = Automatic;
				DEBUG_INFORMATION_FORMAT = "dwarf-with-dsym";
				GCC_C_LANGUAGE_STANDARD = gnu99;
				IPHONEOS_DEPLOYMENT_TARGET = 8.0;
				LIBRARY_SEARCH_PATHS = "$(inherited)";
				OTHER_LDFLAGS = "-ObjC";
				PRODUCT_NAME = "$(TARGET_NAME)";
				SKIP_INSTALL = YES;
				TARGETED_DEVICE_FAMILY = 1;
			};
			name = Debug;
		};
		070153B8216F3AD300D7A360 /* Release */ = {
			isa = XCBuildConfiguration;
			buildSettings = {
				CLANG_ANALYZER_NONNULL = YES_NONAGGRESSIVE;
				CLANG_ANALYZER_NUMBER_OBJECT_CONVERSION = YES;
				CLANG_CXX_LANGUAGE_STANDARD = "gnu++0x";
				CLANG_WARN_BLOCK_CAPTURE_AUTORELEASING = NO;
				CODE_SIGN_IDENTITY = "";
				CODE_SIGN_STYLE = Automatic;
				DEBUG_INFORMATION_FORMAT = "dwarf-with-dsym";
				GCC_C_LANGUAGE_STANDARD = gnu99;
				IPHONEOS_DEPLOYMENT_TARGET = 8.0;
				LIBRARY_SEARCH_PATHS = "$(inherited)";
				OTHER_LDFLAGS = "-ObjC";
				PRODUCT_NAME = "$(TARGET_NAME)";
				SKIP_INSTALL = YES;
				TARGETED_DEVICE_FAMILY = 1;
			};
			name = Release;
		};
/* End XCBuildConfiguration section */

/* Begin XCConfigurationList section */
		070153A8216F3AD300D7A360 /* Build configuration list for PBXProject "ScreenCapture" */ = {
			isa = XCConfigurationList;
			buildConfigurations = (
				070153B4216F3AD300D7A360 /* Debug */,
				070153B5216F3AD300D7A360 /* Release */,
			);
			defaultConfigurationIsVisible = 0;
			defaultConfigurationName = Release;
		};
		070153B6216F3AD300D7A360 /* Build configuration list for PBXNativeTarget "ScreenCapture" */ = {
			isa = XCConfigurationList;
			buildConfigurations = (
				070153B7216F3AD300D7A360 /* Debug */,
				070153B8216F3AD300D7A360 /* Release */,
			);
			defaultConfigurationIsVisible = 0;
			defaultConfigurationName = Release;
		};
/* End XCConfigurationList section */
	};
	rootObject = 070153A5216F3AD300D7A360 /* Project object */;
}
